
Microsoft Visual Studio Solution File, Format Version 12.00
# Visual Studio Version 17
VisualStudioVersion = 17.8.34525.116
MinimumVisualStudioVersion = 10.0.40219.1
Project("{9A19103F-16F7-4668-BE54-9A1E7A4F7556}") = "ErpSolution.Api", "ErpSolution.Api\ErpSolution.Api.csproj", "{7BD83B57-66C1-4AFD-A098-03F0C0997F2B}"
EndProject
Project("{9A19103F-16F7-4668-BE54-9A1E7A4F7556}") = "ErpSolution.Application", "ErpSolution.Application\ErpSolution.Application.csproj", "{92BBEB18-4CB7-48AB-B040-3C967E1ED3E2}"
EndProject
Project("{9A19103F-16F7-4668-BE54-9A1E7A4F7556}") = "ErpSolution.Contracts", "ErpSolution.Contracts\ErpSolution.Contracts.csproj", "{1A801067-881A-4DCC-B342-586A9B25FF38}"
EndProject
Project("{9A19103F-16F7-4668-BE54-9A1E7A4F7556}") = "ErpSolution.Domain", "ErpSolution.Domain\ErpSolution.Domain.csproj", "{60195C25-C325-4162-A888-E18DB04C550A}"
EndProject
Project("{9A19103F-16F7-4668-BE54-9A1E7A4F7556}") = "ErpSolution.Infrastructure", "ErpSolution.Infrastructure\ErpSolution.Infrastructure.csproj", "{CF82C7B4-0DC8-4E44-8262-095CF441EC09}"
EndProject
Project("{FAE04EC0-301F-11D3-BF4B-00C04F79EFBC}") = "ErpSolution.Platform", "ErpSolution.Platform\ErpSolution.Platform.csproj", "{0878154A-5E02-400A-A62A-115CE76C4D00}"
EndProject
Global
	GlobalSection(SolutionConfigurationPlatforms) = preSolution
		Debug|Any CPU = Debug|Any CPU
		Release|Any CPU = Release|Any CPU
	EndGlobalSection
	GlobalSection(ProjectConfigurationPlatforms) = postSolution
		{7BD83B57-66C1-4AFD-A098-03F0C0997F2B}.Debug|Any CPU.ActiveCfg = Debug|Any CPU
		{7BD83B57-66C1-4AFD-A098-03F0C0997F2B}.Debug|Any CPU.Build.0 = Debug|Any CPU
		{7BD83B57-66C1-4AFD-A098-03F0C0997F2B}.Release|Any CPU.ActiveCfg = Release|Any CPU
		{7BD83B57-66C1-4AFD-A098-03F0C0997F2B}.Release|Any CPU.Build.0 = Release|Any CPU
		{92BBEB18-4CB7-48AB-B040-3C967E1ED3E2}.Debug|Any CPU.ActiveCfg = Debug|Any CPU
		{92BBEB18-4CB7-48AB-B040-3C967E1ED3E2}.Debug|Any CPU.Build.0 = Debug|Any CPU
		{92BBEB18-4CB7-48AB-B040-3C967E1ED3E2}.Release|Any CPU.ActiveCfg = Release|Any CPU
		{92BBEB18-4CB7-48AB-B040-3C967E1ED3E2}.Release|Any CPU.Build.0 = Release|Any CPU
		{1A801067-881A-4DCC-B342-586A9B25FF38}.Debug|Any CPU.ActiveCfg = Debug|Any CPU
		{1A801067-881A-4DCC-B342-586A9B25FF38}.Debug|Any CPU.Build.0 = Debug|Any CPU
		{1A801067-881A-4DCC-B342-586A9B25FF38}.Release|Any CPU.ActiveCfg = Release|Any CPU
		{1A801067-881A-4DCC-B342-586A9B25FF38}.Release|Any CPU.Build.0 = Release|Any CPU
		{60195C25-C325-4162-A888-E18DB04C550A}.Debug|Any CPU.ActiveCfg = Debug|Any CPU
		{60195C25-C325-4162-A888-E18DB04C550A}.Debug|Any CPU.Build.0 = Debug|Any CPU
		{60195C25-C325-4162-A888-E18DB04C550A}.Release|Any CPU.ActiveCfg = Release|Any CPU
		{60195C25-C325-4162-A888-E18DB04C550A}.Release|Any CPU.Build.0 = Release|Any CPU
		{CF82C7B4-0DC8-4E44-8262-095CF441EC09}.Debug|Any CPU.ActiveCfg = Debug|Any CPU
		{CF82C7B4-0DC8-4E44-8262-095CF441EC09}.Debug|Any CPU.Build.0 = Debug|Any CPU
		{CF82C7B4-0DC8-4E44-8262-095CF441EC09}.Release|Any CPU.ActiveCfg = Release|Any CPU
		{CF82C7B4-0DC8-4E44-8262-095CF441EC09}.Release|Any CPU.Build.0 = Release|Any CPU
		{0878154A-5E02-400A-A62A-115CE76C4D00}.Debug|Any CPU.ActiveCfg = Debug|Any CPU
		{0878154A-5E02-400A-A62A-115CE76C4D00}.Debug|Any CPU.Build.0 = Debug|Any CPU
		{0878154A-5E02-400A-A62A-115CE76C4D00}.Debug|Any CPU.Deploy.0 = Debug|Any CPU
		{0878154A-5E02-400A-A62A-115CE76C4D00}.Release|Any CPU.ActiveCfg = Release|Any CPU
		{0878154A-5E02-400A-A62A-115CE76C4D00}.Release|Any CPU.Build.0 = Release|Any CPU
		{0878154A-5E02-400A-A62A-115CE76C4D00}.Release|Any CPU.Deploy.0 = Release|Any CPU
	EndGlobalSection
	GlobalSection(SolutionProperties) = preSolution
		HideSolutionNode = FALSE
	EndGlobalSection
	GlobalSection(ExtensibilityGlobals) = postSolution
		SolutionGuid = {733C0D71-B5F0-4D4D-A01F-47DE8207797F}
	EndGlobalSection
EndGlobal
