
Microsoft Visual Studio Solution File, Format Version 12.00
# Visual Studio Version 17
VisualStudioVersion = 17.8.34525.116
MinimumVisualStudioVersion = 10.0.40219.1
Project("{FAE04EC0-301F-11D3-BF4B-00C04F79EFBC}") = "ErpSolution.Api", "ErpSolution.Api\ErpSolution.Api.csproj", "{7BD83B57-66C1-4AFD-A098-03F0C0997F2B}"
EndProject
Global
	GlobalSection(SolutionConfigurationPlatforms) = preSolution
		Debug|Any CPU = Debug|Any CPU
		Release|Any CPU = Release|Any CPU
	EndGlobalSection
	GlobalSection(ProjectConfigurationPlatforms) = postSolution
		{7BD83B57-66C1-4AFD-A098-03F0C0997F2B}.Debug|Any CPU.ActiveCfg = Debug|Any CPU
		{7BD83B57-66C1-4AFD-A098-03F0C0997F2B}.Debug|Any CPU.Build.0 = Debug|Any CPU
		{7BD83B57-66C1-4AFD-A098-03F0C0997F2B}.Release|Any CPU.ActiveCfg = Release|Any CPU
		{7BD83B57-66C1-4AFD-A098-03F0C0997F2B}.Release|Any CPU.Build.0 = Release|Any CPU
	EndGlobalSection
	GlobalSection(SolutionProperties) = preSolution
		HideSolutionNode = FALSE
	EndGlobalSection
	GlobalSection(ExtensibilityGlobals) = postSolution
		SolutionGuid = {733C0D71-B5F0-4D4D-A01F-47DE8207797F}
	EndGlobalSection
EndGlobal
